
Microsoft Visual Studio Solution File, Format Version 12.00
# Visual Studio 15
VisualStudioVersion = 15.0.28307.271
MinimumVisualStudioVersion = 10.0.40219.1
Project("{888888A0-9F3D-457C-B088-3A5042F75D52}") = "Функции", "Функции\Функции.pyproj", "{D70B62E1-D4A7-4D21-806F-331857C60C6A}"
EndProject
Global
	GlobalSection(SolutionConfigurationPlatforms) = preSolution
		Debug|Any CPU = Debug|Any CPU
		Release|Any CPU = Release|Any CPU
	EndGlobalSection
	GlobalSection(ProjectConfigurationPlatforms) = postSolution
		{D70B62E1-D4A7-4D21-806F-331857C60C6A}.Debug|Any CPU.ActiveCfg = Debug|Any CPU
		{D70B62E1-D4A7-4D21-806F-331857C60C6A}.Release|Any CPU.ActiveCfg = Release|Any CPU
	EndGlobalSection
	GlobalSection(SolutionProperties) = preSolution
		HideSolutionNode = FALSE
	EndGlobalSection
	GlobalSection(ExtensibilityGlobals) = postSolution
		SolutionGuid = {C57BE050-039F-4DC5-A9A6-567AB5A088BA}
	EndGlobalSection
EndGlobal
